// !$*UTF8*$!
{
	archiveVersion = 1;
	classes = {
	};
	objectVersion = 50;
	objects = {

/* Begin PBXBuildFile section */
		9DACAD0E25103110006A8830 /* AppDelegate.swift in Sources */ = {isa = PBXBuildFile; fileRef = 9DACAD0D25103110006A8830 /* AppDelegate.swift */; };
		9DACAD1025103110006A8830 /* SceneDelegate.swift in Sources */ = {isa = PBXBuildFile; fileRef = 9DACAD0F25103110006A8830 /* SceneDelegate.swift */; };
		9DACAD1225103110006A8830 /* ContentView.swift in Sources */ = {isa = PBXBuildFile; fileRef = 9DACAD1125103110006A8830 /* ContentView.swift */; };
		9DACAD1425103111006A8830 /* Assets.xcassets in Resources */ = {isa = PBXBuildFile; fileRef = 9DACAD1325103111006A8830 /* Assets.xcassets */; };
		9DACAD1725103111006A8830 /* Preview Assets.xcassets in Resources */ = {isa = PBXBuildFile; fileRef = 9DACAD1625103111006A8830 /* Preview Assets.xcassets */; };
		9DACAD1A25103111006A8830 /* LaunchScreen.storyboard in Resources */ = {isa = PBXBuildFile; fileRef = 9DACAD1825103111006A8830 /* LaunchScreen.storyboard */; };
/* End PBXBuildFile section */

/* Begin PBXFileReference section */
		9DACAD0A25103110006A8830 /* ConversionCalculator.app */ = {isa = PBXFileReference; explicitFileType = wrapper.application; includeInIndex = 0; path = ConversionCalculator.app; sourceTree = BUILT_PRODUCTS_DIR; };
		9DACAD0D25103110006A8830 /* AppDelegate.swift */ = {isa = PBXFileReference; lastKnownFileType = sourcecode.swift; path = AppDelegate.swift; sourceTree = "<group>"; };
		9DACAD0F25103110006A8830 /* SceneDelegate.swift */ = {isa = PBXFileReference; lastKnownFileType = sourcecode.swift; path = SceneDelegate.swift; sourceTree = "<group>"; };
		9DACAD1125103110006A8830 /* ContentView.swift */ = {isa = PBXFileReference; lastKnownFileType = sourcecode.swift; path = ContentView.swift; sourceTree = "<group>"; };
		9DACAD1325103111006A8830 /* Assets.xcassets */ = {isa = PBXFileReference; lastKnownFileType = folder.assetcatalog; path = Assets.xcassets; sourceTree = "<group>"; };
		9DACAD1625103111006A8830 /* Preview Assets.xcassets */ = {isa = PBXFileReference; lastKnownFileType = folder.assetcatalog; path = "Preview Assets.xcassets"; sourceTree = "<group>"; };
		9DACAD1925103111006A8830 /* Base */ = {isa = PBXFileReference; lastKnownFileType = file.storyboard; name = Base; path = Base.lproj/LaunchScreen.storyboard; sourceTree = "<group>"; };
		9DACAD1B25103111006A8830 /* Info.plist */ = {isa = PBXFileReference; lastKnownFileType = text.plist.xml; path = Info.plist; sourceTree = "<group>"; };
/* End PBXFileReference section */

/* Begin PBXFrameworksBuildPhase section */
		9DACAD0725103110006A8830 /* Frameworks */ = {
			isa = PBXFrameworksBuildPhase;
			buildActionMask = 2147483647;
			files = (
			);
			runOnlyForDeploymentPostprocessing = 0;
		};
/* End PBXFrameworksBuildPhase section */

/* Begin PBXGroup section */
		9DACAD0125103110006A8830 = {
			isa = PBXGroup;
			children = (
				9DACAD0C25103110006A8830 /* ConversionCalculator */,
				9DACAD0B25103110006A8830 /* Products */,
			);
			sourceTree = "<group>";
		};
		9DACAD0B25103110006A8830 /* Products */ = {
			isa = PBXGroup;
			children = (
				9DACAD0A25103110006A8830 /* ConversionCalculator.app */,
			);
			name = Products;
			sourceTree = "<group>";
		};
		9DACAD0C25103110006A8830 /* ConversionCalculator */ = {
			isa = PBXGroup;
			children = (
				9DACAD0D25103110006A8830 /* AppDelegate.swift */,
				9DACAD0F25103110006A8830 /* SceneDelegate.swift */,
				9DACAD1125103110006A8830 /* ContentView.swift */,
				9DACAD1325103111006A8830 /* Assets.xcassets */,
				9DACAD1825103111006A8830 /* LaunchScreen.storyboard */,
				9DACAD1B25103111006A8830 /* Info.plist */,
				9DACAD1525103111006A8830 /* Preview Content */,
			);
			path = ConversionCalculator;
			sourceTree = "<group>";
		};
		9DACAD1525103111006A8830 /* Preview Content */ = {
			isa = PBXGroup;
			children = (
				9DACAD1625103111006A8830 /* Preview Assets.xcassets */,
			);
			path = "Preview Content";
			sourceTree = "<group>";
		};
/* End PBXGroup section */

/* Begin PBXNativeTarget section */
		9DACAD0925103110006A8830 /* ConversionCalculator */ = {
			isa = PBXNativeTarget;
			buildConfigurationList = 9DACAD1E25103111006A8830 /* Build configuration list for PBXNativeTarget "ConversionCalculator" */;
			buildPhases = (
				9DACAD0625103110006A8830 /* Sources */,
				9DACAD0725103110006A8830 /* Frameworks */,
				9DACAD0825103110006A8830 /* Resources */,
			);
			buildRules = (
			);
			dependencies = (
			);
			name = ConversionCalculator;
			productName = ConversionCalculator;
			productReference = 9DACAD0A25103110006A8830 /* ConversionCalculator.app */;
			productType = "com.apple.product-type.application";
		};
/* End PBXNativeTarget section */

/* Begin PBXProject section */
		9DACAD0225103110006A8830 /* Project object */ = {
			isa = PBXProject;
			attributes = {
				LastSwiftUpdateCheck = 1150;
				LastUpgradeCheck = 1150;
				ORGANIZATIONNAME = "Kiren Srinivasan's Practice";
				TargetAttributes = {
					9DACAD0925103110006A8830 = {
						CreatedOnToolsVersion = 11.5;
					};
				};
			};
			buildConfigurationList = 9DACAD0525103110006A8830 /* Build configuration list for PBXProject "ConversionCalculator" */;
			compatibilityVersion = "Xcode 9.3";
			developmentRegion = en;
			hasScannedForEncodings = 0;
			knownRegions = (
				en,
				Base,
			);
			mainGroup = 9DACAD0125103110006A8830;
			productRefGroup = 9DACAD0B25103110006A8830 /* Products */;
			projectDirPath = "";
			projectRoot = "";
			targets = (
				9DACAD0925103110006A8830 /* ConversionCalculator */,
			);
		};
/* End PBXProject section */

/* Begin PBXResourcesBuildPhase section */
		9DACAD0825103110006A8830 /* Resources */ = {
			isa = PBXResourcesBuildPhase;
			buildActionMask = 2147483647;
			files = (
				9DACAD1A25103111006A8830 /* LaunchScreen.storyboard in Resources */,
				9DACAD1725103111006A8830 /* Preview Assets.xcassets in Resources */,
				9DACAD1425103111006A8830 /* Assets.xcassets in Resources */,
			);
			runOnlyForDeploymentPostprocessing = 0;
		};
/* End PBXResourcesBuildPhase section */

/* Begin PBXSourcesBuildPhase section */
		9DACAD0625103110006A8830 /* Sources */ = {
			isa = PBXSourcesBuildPhase;
			buildActionMask = 2147483647;
			files = (
				9DACAD0E25103110006A8830 /* AppDelegate.swift in Sources */,
				9DACAD1025103110006A8830 /* SceneDelegate.swift in Sources */,
				9DACAD1225103110006A8830 /* ContentView.swift in Sources */,
			);
			runOnlyForDeploymentPostprocessing = 0;
		};
/* End PBXSourcesBuildPhase section */

/* Begin PBXVariantGroup section */
		9DACAD1825103111006A8830 /* LaunchScreen.storyboard */ = {
			isa = PBXVariantGroup;
			children = (
				9DACAD1925103111006A8830 /* Base */,
			);
			name = LaunchScreen.storyboard;
			sourceTree = "<group>";
		};
/* End PBXVariantGroup section */

/* Begin XCBuildConfiguration section */
		9DACAD1C25103111006A8830 /* Debug */ = {
			isa = XCBuildConfiguration;
			buildSettings = {
				ALWAYS_SEARCH_USER_PATHS = NO;
				CLANG_ANALYZER_NONNULL = YES;
				CLANG_ANALYZER_NUMBER_OBJECT_CONVERSION = YES_AGGRESSIVE;
				CLANG_CXX_LANGUAGE_STANDARD = "gnu++14";
				CLANG_CXX_LIBRARY = "libc++";
				CLANG_ENABLE_MODULES = YES;
				CLANG_ENABLE_OBJC_ARC = YES;
				CLANG_ENABLE_OBJC_WEAK = YES;
				CLANG_WARN_BLOCK_CAPTURE_AUTORELEASING = YES;
				CLANG_WARN_BOOL_CONVERSION = YES;
				CLANG_WARN_COMMA = YES;
				CLANG_WARN_CONSTANT_CONVERSION = YES;
				CLANG_WARN_DEPRECATED_OBJC_IMPLEMENTATIONS = YES;
				CLANG_WARN_DIRECT_OBJC_ISA_USAGE = YES_ERROR;
				CLANG_WARN_DOCUMENTATION_COMMENTS = YES;
				CLANG_WARN_EMPTY_BODY = YES;
				CLANG_WARN_ENUM_CONVERSION = YES;
				CLANG_WARN_INFINITE_RECURSION = YES;
				CLANG_WARN_INT_CONVERSION = YES;
				CLANG_WARN_NON_LITERAL_NULL_CONVERSION = YES;
				CLANG_WARN_OBJC_IMPLICIT_RETAIN_SELF = YES;
				CLANG_WARN_OBJC_LITERAL_CONVERSION = YES;
				CLANG_WARN_OBJC_ROOT_CLASS = YES_ERROR;
				CLANG_WARN_RANGE_LOOP_ANALYSIS = YES;
				CLANG_WARN_STRICT_PROTOTYPES = YES;
				CLANG_WARN_SUSPICIOUS_MOVE = YES;
				CLANG_WARN_UNGUARDED_AVAILABILITY = YES_AGGRESSIVE;
				CLANG_WARN_UNREACHABLE_CODE = YES;
				CLANG_WARN__DUPLICATE_METHOD_MATCH = YES;
				COPY_PHASE_STRIP = NO;
				DEBUG_INFORMATION_FORMAT = dwarf;
				ENABLE_STRICT_OBJC_MSGSEND = YES;
				ENABLE_TESTABILITY = YES;
				GCC_C_LANGUAGE_STANDARD = gnu11;
				GCC_DYNAMIC_NO_PIC = NO;
				GCC_NO_COMMON_BLOCKS = YES;
				GCC_OPTIMIZATION_LEVEL = 0;
				GCC_PREPROCESSOR_DEFINITIONS = (
					"DEBUG=1",
					"$(inherited)",
				);
				GCC_WARN_64_TO_32_BIT_CONVERSION = YES;
				GCC_WARN_ABOUT_RETURN_TYPE = YES_ERROR;
				GCC_WARN_UNDECLARED_SELECTOR = YES;
				GCC_WARN_UNINITIALIZED_AUTOS = YES_AGGRESSIVE;
				GCC_WARN_UNUSED_FUNCTION = YES;
				GCC_WARN_UNUSED_VARIABLE = YES;
				IPHONEOS_DEPLOYMENT_TARGET = 13.5;
				MTL_ENABLE_DEBUG_INFO = INCLUDE_SOURCE;
				MTL_FAST_MATH = YES;
				ONLY_ACTIVE_ARCH = YES;
				SDKROOT = iphoneos;
				SWIFT_ACTIVE_COMPILATION_CONDITIONS = DEBUG;
				SWIFT_OPTIMIZATION_LEVEL = "-Onone";
			};
			name = Debug;
		};
		9DACAD1D25103111006A8830 /* Release */ = {
			isa = XCBuildConfiguration;
			buildSettings = {
				ALWAYS_SEARCH_USER_PATHS = NO;
				CLANG_ANALYZER_NONNULL = YES;
				CLANG_ANALYZER_NUMBER_OBJECT_CONVERSION = YES_AGGRESSIVE;
				CLANG_CXX_LANGUAGE_STANDARD = "gnu++14";
				CLANG_CXX_LIBRARY = "libc++";
				CLANG_ENABLE_MODULES = YES;
				CLANG_ENABLE_OBJC_ARC = YES;
				CLANG_ENABLE_OBJC_WEAK = YES;
				CLANG_WARN_BLOCK_CAPTURE_AUTORELEASING = YES;
				CLANG_WARN_BOOL_CONVERSION = YES;
				CLANG_WARN_COMMA = YES;
				CLANG_WARN_CONSTANT_CONVERSION = YES;
				CLANG_WARN_DEPRECATED_OBJC_IMPLEMENTATIONS = YES;
				CLANG_WARN_DIRECT_OBJC_ISA_USAGE = YES_ERROR;
				CLANG_WARN_DOCUMENTATION_COMMENTS = YES;
				CLANG_WARN_EMPTY_BODY = YES;
				CLANG_WARN_ENUM_CONVERSION = YES;
				CLANG_WARN_INFINITE_RECURSION = YES;
				CLANG_WARN_INT_CONVERSION = YES;
				CLANG_WARN_NON_LITERAL_NULL_CONVERSION = YES;
				CLANG_WARN_OBJC_IMPLICIT_RETAIN_SELF = YES;
				CLANG_WARN_OBJC_LITERAL_CONVERSION = YES;
				CLANG_WARN_OBJC_ROOT_CLASS = YES_ERROR;
				CLANG_WARN_RANGE_LOOP_ANALYSIS = YES;
				CLANG_WARN_STRICT_PROTOTYPES = YES;
				CLANG_WARN_SUSPICIOUS_MOVE = YES;
				CLANG_WARN_UNGUARDED_AVAILABILITY = YES_AGGRESSIVE;
				CLANG_WARN_UNREACHABLE_CODE = YES;
				CLANG_WARN__DUPLICATE_METHOD_MATCH = YES;
				COPY_PHASE_STRIP = NO;
				DEBUG_INFORMATION_FORMAT = "dwarf-with-dsym";
				ENABLE_NS_ASSERTIONS = NO;
				ENABLE_STRICT_OBJC_MSGSEND = YES;
				GCC_C_LANGUAGE_STANDARD = gnu11;
				GCC_NO_COMMON_BLOCKS = YES;
				GCC_WARN_64_TO_32_BIT_CONVERSION = YES;
				GCC_WARN_ABOUT_RETURN_TYPE = YES_ERROR;
				GCC_WARN_UNDECLARED_SELECTOR = YES;
				GCC_WARN_UNINITIALIZED_AUTOS = YES_AGGRESSIVE;
				GCC_WARN_UNUSED_FUNCTION = YES;
				GCC_WARN_UNUSED_VARIABLE = YES;
				IPHONEOS_DEPLOYMENT_TARGET = 13.5;
				MTL_ENABLE_DEBUG_INFO = NO;
				MTL_FAST_MATH = YES;
				SDKROOT = iphoneos;
				SWIFT_COMPILATION_MODE = wholemodule;
				SWIFT_OPTIMIZATION_LEVEL = "-O";
				VALIDATE_PRODUCT = YES;
			};
			name = Release;
		};
		9DACAD1F25103111006A8830 /* Debug */ = {
			isa = XCBuildConfiguration;
			buildSettings = {
				ASSETCATALOG_COMPILER_APPICON_NAME = AppIcon;
				CODE_SIGN_STYLE = Automatic;
				DEVELOPMENT_ASSET_PATHS = "\"ConversionCalculator/Preview Content\"";
				ENABLE_PREVIEWS = YES;
				INFOPLIST_FILE = ConversionCalculator/Info.plist;
				LD_RUNPATH_SEARCH_PATHS = (
					"$(inherited)",
					"@executable_path/Frameworks",
				);
				PRODUCT_BUNDLE_IDENTIFIER = com.practice.srinivasan.kiren.ConversionCalculator;
				PRODUCT_NAME = "$(TARGET_NAME)";
				SWIFT_VERSION = 5.0;
				TARGETED_DEVICE_FAMILY = "1,2";
			};
			name = Debug;
		};
		9DACAD2025103111006A8830 /* Release */ = {
			isa = XCBuildConfiguration;
			buildSettings = {
				ASSETCATALOG_COMPILER_APPICON_NAME = AppIcon;
				CODE_SIGN_STYLE = Automatic;
				DEVELOPMENT_ASSET_PATHS = "\"ConversionCalculator/Preview Content\"";
				ENABLE_PREVIEWS = YES;
				INFOPLIST_FILE = ConversionCalculator/Info.plist;
				LD_RUNPATH_SEARCH_PATHS = (
					"$(inherited)",
					"@executable_path/Frameworks",
				);
				PRODUCT_BUNDLE_IDENTIFIER = com.practice.srinivasan.kiren.ConversionCalculator;
				PRODUCT_NAME = "$(TARGET_NAME)";
				SWIFT_VERSION = 5.0;
				TARGETED_DEVICE_FAMILY = "1,2";
			};
			name = Release;
		};
/* End XCBuildConfiguration section */

/* Begin XCConfigurationList section */
		9DACAD0525103110006A8830 /* Build configuration list for PBXProject "ConversionCalculator" */ = {
			isa = XCConfigurationList;
			buildConfigurations = (
				9DACAD1C25103111006A8830 /* Debug */,
				9DACAD1D25103111006A8830 /* Release */,
			);
			defaultConfigurationIsVisible = 0;
			defaultConfigurationName = Release;
		};
		9DACAD1E25103111006A8830 /* Build configuration list for PBXNativeTarget "ConversionCalculator" */ = {
			isa = XCConfigurationList;
			buildConfigurations = (
				9DACAD1F25103111006A8830 /* Debug */,
				9DACAD2025103111006A8830 /* Release */,
			);
			defaultConfigurationIsVisible = 0;
			defaultConfigurationName = Release;
		};
/* End XCConfigurationList section */
	};
	rootObject = 9DACAD0225103110006A8830 /* Project object */;
}
